
Microsoft Visual Studio Solution File, Format Version 12.00
# Visual Studio Version 17
VisualStudioVersion = 17.5.002.0
MinimumVisualStudioVersion = 10.0.40219.1
Project("{2150E333-8FDC-42A3-9474-1A3956D46DE8}") = "csharp-prep", "csharp-prep", "{9A458DEC-C5DB-4274-A939-682329F2E9ED}"
EndProject
Project("{9A19103F-16F7-4668-BE54-9A1E7A4F7556}") = "Prep1", "csharp-prep\Prep1\Prep1.csproj", "{E86BA9B1-107B-4FFD-8F27-C4C1EB807DF0}"
EndProject
Project("{9A19103F-16F7-4668-BE54-9A1E7A4F7556}") = "Prep2", "csharp-prep\Prep2\Prep2.csproj", "{4D3DA118-DF79-4A78-AB34-D842CF2B815F}"
EndProject
Project("{9A19103F-16F7-4668-BE54-9A1E7A4F7556}") = "Prep3", "csharp-prep\Prep3\Prep3.csproj", "{82EC4895-DE36-4904-920B-A753ED37C5A6}"
EndProject
Project("{9A19103F-16F7-4668-BE54-9A1E7A4F7556}") = "Prep4", "csharp-prep\Prep4\Prep4.csproj", "{81CD827F-B356-4C1B-8DF2-9BD974038E44}"
EndProject
Project("{9A19103F-16F7-4668-BE54-9A1E7A4F7556}") = "Prep5", "csharp-prep\Prep5\Prep5.csproj", "{95A5FFED-6457-4BBE-9AC5-97E93A6D0716}"
EndProject
Project("{2150E333-8FDC-42A3-9474-1A3956D46DE8}") = "final", "final", "{8FAE1442-4B20-4FD4-A9FE-CD6DE0F4159B}"
EndProject
Project("{9A19103F-16F7-4668-BE54-9A1E7A4F7556}") = "FinalProject", "final\FinalProject\FinalProject.csproj", "{639ACB92-A5E7-4044-AAA1-8549A1E8EA55}"
EndProject
Project("{9A19103F-16F7-4668-BE54-9A1E7A4F7556}") = "Foundation1", "final\Foundation1\Foundation1.csproj", "{D2248680-EC60-4ED5-B63B-172865F07D67}"
EndProject
Project("{9A19103F-16F7-4668-BE54-9A1E7A4F7556}") = "Foundation2", "final\Foundation2\Foundation2.csproj", "{4CD60500-77FE-4204-9C3C-508C3FE9D5B1}"
EndProject
Project("{9A19103F-16F7-4668-BE54-9A1E7A4F7556}") = "Foundation3", "final\Foundation3\Foundation3.csproj", "{92DB0981-7C8E-40A2-AA59-E60CC3494383}"
EndProject
Project("{9A19103F-16F7-4668-BE54-9A1E7A4F7556}") = "Foundation4", "final\Foundation4\Foundation4.csproj", "{5CB94642-C2FB-4CFB-8A3E-429375790757}"
EndProject
Project("{2150E333-8FDC-42A3-9474-1A3956D46DE8}") = "prepare", "prepare", "{72A19531-A6F9-45F6-AECF-1AD2FFDD586A}"
EndProject
Project("{9A19103F-16F7-4668-BE54-9A1E7A4F7556}") = "Learning02", "prepare\Learning02\Learning02.csproj", "{84819956-73B6-449F-979B-B00C5EA7F42D}"
EndProject
Project("{9A19103F-16F7-4668-BE54-9A1E7A4F7556}") = "Learning03", "prepare\Learning03\Learning03.csproj", "{E5BFD002-C072-402B-81B6-AC06901B7C6F}"
EndProject
Project("{9A19103F-16F7-4668-BE54-9A1E7A4F7556}") = "Learning04", "prepare\Learning04\Learning04.csproj", "{4A669376-7115-4066-B4E3-3745AD49A2D4}"
EndProject
Project("{9A19103F-16F7-4668-BE54-9A1E7A4F7556}") = "Learning05", "prepare\Learning05\Learning05.csproj", "{F972E1A4-35BA-4080-8C8D-A3C3D63FDCCD}"
EndProject
Project("{2150E333-8FDC-42A3-9474-1A3956D46DE8}") = "prove", "prove", "{F944DD53-325D-4E25-87B8-46F16F011CF4}"
EndProject
Project("{9A19103F-16F7-4668-BE54-9A1E7A4F7556}") = "Develop02", "prove\Develop02\Develop02.csproj", "{85B8F4F2-E32C-4064-A0F1-6BC923F41442}"
EndProject
Project("{9A19103F-16F7-4668-BE54-9A1E7A4F7556}") = "Develop03", "prove\Develop03\Develop03.csproj", "{CD8C4F12-4FE4-45C3-85D1-BF41E3FD73CA}"
EndProject
Project("{9A19103F-16F7-4668-BE54-9A1E7A4F7556}") = "Develop04", "prove\Develop04\Develop04.csproj", "{3ED5D092-11BF-4EA7-91FF-34D9F68F612F}"
EndProject
Project("{9A19103F-16F7-4668-BE54-9A1E7A4F7556}") = "Develop05", "prove\Develop05\Develop05.csproj", "{6CC29F71-AF88-49C2-B43F-3909C9B62680}"
EndProject
Project("{2150E333-8FDC-42A3-9474-1A3956D46DE8}") = "sandbox", "sandbox", "{EA9510AA-9AFC-4862-B584-B067E7BF4034}"
EndProject
Project("{9A19103F-16F7-4668-BE54-9A1E7A4F7556}") = "Sandbox", "sandbox\Sandbox\Sandbox.csproj", "{85DBE701-6CEC-4364-B221-A0D35BD8EC8E}"
EndProject
Global
	GlobalSection(SolutionConfigurationPlatforms) = preSolution
		Debug|Any CPU = Debug|Any CPU
		Release|Any CPU = Release|Any CPU
	EndGlobalSection
	GlobalSection(ProjectConfigurationPlatforms) = postSolution
		{E86BA9B1-107B-4FFD-8F27-C4C1EB807DF0}.Debug|Any CPU.ActiveCfg = Debug|Any CPU
		{E86BA9B1-107B-4FFD-8F27-C4C1EB807DF0}.Debug|Any CPU.Build.0 = Debug|Any CPU
		{E86BA9B1-107B-4FFD-8F27-C4C1EB807DF0}.Release|Any CPU.ActiveCfg = Release|Any CPU
		{E86BA9B1-107B-4FFD-8F27-C4C1EB807DF0}.Release|Any CPU.Build.0 = Release|Any CPU
		{4D3DA118-DF79-4A78-AB34-D842CF2B815F}.Debug|Any CPU.ActiveCfg = Debug|Any CPU
		{4D3DA118-DF79-4A78-AB34-D842CF2B815F}.Debug|Any CPU.Build.0 = Debug|Any CPU
		{4D3DA118-DF79-4A78-AB34-D842CF2B815F}.Release|Any CPU.ActiveCfg = Release|Any CPU
		{4D3DA118-DF79-4A78-AB34-D842CF2B815F}.Release|Any CPU.Build.0 = Release|Any CPU
		{82EC4895-DE36-4904-920B-A753ED37C5A6}.Debug|Any CPU.ActiveCfg = Debug|Any CPU
		{82EC4895-DE36-4904-920B-A753ED37C5A6}.Debug|Any CPU.Build.0 = Debug|Any CPU
		{82EC4895-DE36-4904-920B-A753ED37C5A6}.Release|Any CPU.ActiveCfg = Release|Any CPU
		{82EC4895-DE36-4904-920B-A753ED37C5A6}.Release|Any CPU.Build.0 = Release|Any CPU
		{81CD827F-B356-4C1B-8DF2-9BD974038E44}.Debug|Any CPU.ActiveCfg = Debug|Any CPU
		{81CD827F-B356-4C1B-8DF2-9BD974038E44}.Debug|Any CPU.Build.0 = Debug|Any CPU
		{81CD827F-B356-4C1B-8DF2-9BD974038E44}.Release|Any CPU.ActiveCfg = Release|Any CPU
		{81CD827F-B356-4C1B-8DF2-9BD974038E44}.Release|Any CPU.Build.0 = Release|Any CPU
		{95A5FFED-6457-4BBE-9AC5-97E93A6D0716}.Debug|Any CPU.ActiveCfg = Debug|Any CPU
		{95A5FFED-6457-4BBE-9AC5-97E93A6D0716}.Debug|Any CPU.Build.0 = Debug|Any CPU
		{95A5FFED-6457-4BBE-9AC5-97E93A6D0716}.Release|Any CPU.ActiveCfg = Release|Any CPU
		{95A5FFED-6457-4BBE-9AC5-97E93A6D0716}.Release|Any CPU.Build.0 = Release|Any CPU
		{639ACB92-A5E7-4044-AAA1-8549A1E8EA55}.Debug|Any CPU.ActiveCfg = Debug|Any CPU
		{639ACB92-A5E7-4044-AAA1-8549A1E8EA55}.Debug|Any CPU.Build.0 = Debug|Any CPU
		{639ACB92-A5E7-4044-AAA1-8549A1E8EA55}.Release|Any CPU.ActiveCfg = Release|Any CPU
		{639ACB92-A5E7-4044-AAA1-8549A1E8EA55}.Release|Any CPU.Build.0 = Release|Any CPU
		{D2248680-EC60-4ED5-B63B-172865F07D67}.Debug|Any CPU.ActiveCfg = Debug|Any CPU
		{D2248680-EC60-4ED5-B63B-172865F07D67}.Debug|Any CPU.Build.0 = Debug|Any CPU
		{D2248680-EC60-4ED5-B63B-172865F07D67}.Release|Any CPU.ActiveCfg = Release|Any CPU
		{D2248680-EC60-4ED5-B63B-172865F07D67}.Release|Any CPU.Build.0 = Release|Any CPU
		{4CD60500-77FE-4204-9C3C-508C3FE9D5B1}.Debug|Any CPU.ActiveCfg = Debug|Any CPU
		{4CD60500-77FE-4204-9C3C-508C3FE9D5B1}.Debug|Any CPU.Build.0 = Debug|Any CPU
		{4CD60500-77FE-4204-9C3C-508C3FE9D5B1}.Release|Any CPU.ActiveCfg = Release|Any CPU
		{4CD60500-77FE-4204-9C3C-508C3FE9D5B1}.Release|Any CPU.Build.0 = Release|Any CPU
		{92DB0981-7C8E-40A2-AA59-E60CC3494383}.Debug|Any CPU.ActiveCfg = Debug|Any CPU
		{92DB0981-7C8E-40A2-AA59-E60CC3494383}.Debug|Any CPU.Build.0 = Debug|Any CPU
		{92DB0981-7C8E-40A2-AA59-E60CC3494383}.Release|Any CPU.ActiveCfg = Release|Any CPU
		{92DB0981-7C8E-40A2-AA59-E60CC3494383}.Release|Any CPU.Build.0 = Release|Any CPU
		{5CB94642-C2FB-4CFB-8A3E-429375790757}.Debug|Any CPU.ActiveCfg = Debug|Any CPU
		{5CB94642-C2FB-4CFB-8A3E-429375790757}.Debug|Any CPU.Build.0 = Debug|Any CPU
		{5CB94642-C2FB-4CFB-8A3E-429375790757}.Release|Any CPU.ActiveCfg = Release|Any CPU
		{5CB94642-C2FB-4CFB-8A3E-429375790757}.Release|Any CPU.Build.0 = Release|Any CPU
		{84819956-73B6-449F-979B-B00C5EA7F42D}.Debug|Any CPU.ActiveCfg = Debug|Any CPU
		{84819956-73B6-449F-979B-B00C5EA7F42D}.Debug|Any CPU.Build.0 = Debug|Any CPU
		{84819956-73B6-449F-979B-B00C5EA7F42D}.Release|Any CPU.ActiveCfg = Release|Any CPU
		{84819956-73B6-449F-979B-B00C5EA7F42D}.Release|Any CPU.Build.0 = Release|Any CPU
		{E5BFD002-C072-402B-81B6-AC06901B7C6F}.Debug|Any CPU.ActiveCfg = Debug|Any CPU
		{E5BFD002-C072-402B-81B6-AC06901B7C6F}.Debug|Any CPU.Build.0 = Debug|Any CPU
		{E5BFD002-C072-402B-81B6-AC06901B7C6F}.Release|Any CPU.ActiveCfg = Release|Any CPU
		{E5BFD002-C072-402B-81B6-AC06901B7C6F}.Release|Any CPU.Build.0 = Release|Any CPU
		{4A669376-7115-4066-B4E3-3745AD49A2D4}.Debug|Any CPU.ActiveCfg = Debug|Any CPU
		{4A669376-7115-4066-B4E3-3745AD49A2D4}.Debug|Any CPU.Build.0 = Debug|Any CPU
		{4A669376-7115-4066-B4E3-3745AD49A2D4}.Release|Any CPU.ActiveCfg = Release|Any CPU
		{4A669376-7115-4066-B4E3-3745AD49A2D4}.Release|Any CPU.Build.0 = Release|Any CPU
		{F972E1A4-35BA-4080-8C8D-A3C3D63FDCCD}.Debug|Any CPU.ActiveCfg = Debug|Any CPU
		{F972E1A4-35BA-4080-8C8D-A3C3D63FDCCD}.Debug|Any CPU.Build.0 = Debug|Any CPU
		{F972E1A4-35BA-4080-8C8D-A3C3D63FDCCD}.Release|Any CPU.ActiveCfg = Release|Any CPU
		{F972E1A4-35BA-4080-8C8D-A3C3D63FDCCD}.Release|Any CPU.Build.0 = Release|Any CPU
		{85B8F4F2-E32C-4064-A0F1-6BC923F41442}.Debug|Any CPU.ActiveCfg = Debug|Any CPU
		{85B8F4F2-E32C-4064-A0F1-6BC923F41442}.Debug|Any CPU.Build.0 = Debug|Any CPU
		{85B8F4F2-E32C-4064-A0F1-6BC923F41442}.Release|Any CPU.ActiveCfg = Release|Any CPU
		{85B8F4F2-E32C-4064-A0F1-6BC923F41442}.Release|Any CPU.Build.0 = Release|Any CPU
		{CD8C4F12-4FE4-45C3-85D1-BF41E3FD73CA}.Debug|Any CPU.ActiveCfg = Debug|Any CPU
		{CD8C4F12-4FE4-45C3-85D1-BF41E3FD73CA}.Debug|Any CPU.Build.0 = Debug|Any CPU
		{CD8C4F12-4FE4-45C3-85D1-BF41E3FD73CA}.Release|Any CPU.ActiveCfg = Release|Any CPU
		{CD8C4F12-4FE4-45C3-85D1-BF41E3FD73CA}.Release|Any CPU.Build.0 = Release|Any CPU
		{3ED5D092-11BF-4EA7-91FF-34D9F68F612F}.Debug|Any CPU.ActiveCfg = Debug|Any CPU
		{3ED5D092-11BF-4EA7-91FF-34D9F68F612F}.Debug|Any CPU.Build.0 = Debug|Any CPU
		{3ED5D092-11BF-4EA7-91FF-34D9F68F612F}.Release|Any CPU.ActiveCfg = Release|Any CPU
		{3ED5D092-11BF-4EA7-91FF-34D9F68F612F}.Release|Any CPU.Build.0 = Release|Any CPU
		{6CC29F71-AF88-49C2-B43F-3909C9B62680}.Debug|Any CPU.ActiveCfg = Debug|Any CPU
		{6CC29F71-AF88-49C2-B43F-3909C9B62680}.Debug|Any CPU.Build.0 = Debug|Any CPU
		{6CC29F71-AF88-49C2-B43F-3909C9B62680}.Release|Any CPU.ActiveCfg = Release|Any CPU
		{6CC29F71-AF88-49C2-B43F-3909C9B62680}.Release|Any CPU.Build.0 = Release|Any CPU
		{85DBE701-6CEC-4364-B221-A0D35BD8EC8E}.Debug|Any CPU.ActiveCfg = Debug|Any CPU
		{85DBE701-6CEC-4364-B221-A0D35BD8EC8E}.Debug|Any CPU.Build.0 = Debug|Any CPU
		{85DBE701-6CEC-4364-B221-A0D35BD8EC8E}.Release|Any CPU.ActiveCfg = Release|Any CPU
		{85DBE701-6CEC-4364-B221-A0D35BD8EC8E}.Release|Any CPU.Build.0 = Release|Any CPU
	EndGlobalSection
	GlobalSection(SolutionProperties) = preSolution
		HideSolutionNode = FALSE
	EndGlobalSection
	GlobalSection(NestedProjects) = preSolution
		{E86BA9B1-107B-4FFD-8F27-C4C1EB807DF0} = {9A458DEC-C5DB-4274-A939-682329F2E9ED}
		{4D3DA118-DF79-4A78-AB34-D842CF2B815F} = {9A458DEC-C5DB-4274-A939-682329F2E9ED}
		{82EC4895-DE36-4904-920B-A753ED37C5A6} = {9A458DEC-C5DB-4274-A939-682329F2E9ED}
		{81CD827F-B356-4C1B-8DF2-9BD974038E44} = {9A458DEC-C5DB-4274-A939-682329F2E9ED}
		{95A5FFED-6457-4BBE-9AC5-97E93A6D0716} = {9A458DEC-C5DB-4274-A939-682329F2E9ED}
		{639ACB92-A5E7-4044-AAA1-8549A1E8EA55} = {8FAE1442-4B20-4FD4-A9FE-CD6DE0F4159B}
		{D2248680-EC60-4ED5-B63B-172865F07D67} = {8FAE1442-4B20-4FD4-A9FE-CD6DE0F4159B}
		{4CD60500-77FE-4204-9C3C-508C3FE9D5B1} = {8FAE1442-4B20-4FD4-A9FE-CD6DE0F4159B}
		{92DB0981-7C8E-40A2-AA59-E60CC3494383} = {8FAE1442-4B20-4FD4-A9FE-CD6DE0F4159B}
		{5CB94642-C2FB-4CFB-8A3E-429375790757} = {8FAE1442-4B20-4FD4-A9FE-CD6DE0F4159B}
		{84819956-73B6-449F-979B-B00C5EA7F42D} = {72A19531-A6F9-45F6-AECF-1AD2FFDD586A}
		{E5BFD002-C072-402B-81B6-AC06901B7C6F} = {72A19531-A6F9-45F6-AECF-1AD2FFDD586A}
		{4A669376-7115-4066-B4E3-3745AD49A2D4} = {72A19531-A6F9-45F6-AECF-1AD2FFDD586A}
		{F972E1A4-35BA-4080-8C8D-A3C3D63FDCCD} = {72A19531-A6F9-45F6-AECF-1AD2FFDD586A}
		{85B8F4F2-E32C-4064-A0F1-6BC923F41442} = {F944DD53-325D-4E25-87B8-46F16F011CF4}
		{CD8C4F12-4FE4-45C3-85D1-BF41E3FD73CA} = {F944DD53-325D-4E25-87B8-46F16F011CF4}
		{3ED5D092-11BF-4EA7-91FF-34D9F68F612F} = {F944DD53-325D-4E25-87B8-46F16F011CF4}
		{6CC29F71-AF88-49C2-B43F-3909C9B62680} = {F944DD53-325D-4E25-87B8-46F16F011CF4}
		{85DBE701-6CEC-4364-B221-A0D35BD8EC8E} = {EA9510AA-9AFC-4862-B584-B067E7BF4034}
	EndGlobalSection
	GlobalSection(ExtensibilityGlobals) = postSolution
		SolutionGuid = {CD05EB76-929B-482A-92A6-0AAC9EAE8BEB}
	EndGlobalSection
EndGlobal
